<?xml version="1.0" encoding="utf-8"?>
<Project ToolsVersion="4.0" xmlns="http://schemas.microsoft.com/developer/msbuild/2003">
  <ItemGroup>
    <ClCompile Include="Enemy.cpp">
      <Filter>Source files</Filter>
    </ClCompile>
    <ClCompile Include="main.cpp">
      <Filter>Source files</Filter>
    </ClCompile>
    <ClCompile Include="libs\tinyxml2\tinyxml2.cpp">
      <Filter>Source files</Filter>
    </ClCompile>
    <ClCompile Include="iconvlite.cpp">
      <Filter>Source files</Filter>
    </ClCompile>
    <ClCompile Include="Quest.cpp">
      <Filter>Source files</Filter>
    </ClCompile>
    <ClCompile Include="Bullet.cpp">
      <Filter>Source files</Filter>
    </ClCompile>
    <ClCompile Include="Entity.cpp">
      <Filter>Source files</Filter>
    </ClCompile>
    <ClCompile Include="Game.cpp">
      <Filter>Source files</Filter>
    </ClCompile>
    <ClCompile Include="GameView.cpp">
      <Filter>Source files</Filter>
    </ClCompile>
    <ClCompile Include="level.cpp">
      <Filter>Source files</Filter>
    </ClCompile>
    <ClCompile Include="Menu.cpp">
      <Filter>Source files</Filter>
    </ClCompile>
    <ClCompile Include="NPC.cpp">
      <Filter>Source files</Filter>
    </ClCompile>
    <ClCompile Include="Player.cpp">
      <Filter>Source files</Filter>
    </ClCompile>
    <ClCompile Include="QuestItem.cpp">
      <Filter>Source files</Filter>
    </ClCompile>
    <ClCompile Include="QuestHandler.cpp">
      <Filter>Source files</Filter>
    </ClCompile>
    <ClCompile Include="EntityHandler.cpp">
      <Filter>Source files</Filter>
    </ClCompile>
    <ClCompile Include="QuestDialog.cpp">
      <Filter>Source files</Filter>
    </ClCompile>
  </ItemGroup>
  <ItemGroup>
    <ClInclude Include="libs\tinyxml2\tinyxml2.h">
      <Filter>Header files</Filter>
    </ClInclude>
    <ClInclude Include="Bullet.h">
      <Filter>Header files</Filter>
    </ClInclude>
    <ClInclude Include="Enemy.h">
      <Filter>Header files</Filter>
    </ClInclude>
    <ClInclude Include="Entity.h">
      <Filter>Header files</Filter>
    </ClInclude>
    <ClInclude Include="Game.h">
      <Filter>Header files</Filter>
    </ClInclude>
    <ClInclude Include="GameView.h">
      <Filter>Header files</Filter>
    </ClInclude>
    <ClInclude Include="level.h">
      <Filter>Header files</Filter>
    </ClInclude>
    <ClInclude Include="NPC.h">
      <Filter>Header files</Filter>
    </ClInclude>
    <ClInclude Include="Player.h">
      <Filter>Header files</Filter>
    </ClInclude>
    <ClInclude Include="Menu.h">
      <Filter>Header files</Filter>
    </ClInclude>
    <ClInclude Include="Quest.h">
      <Filter>Header files</Filter>
    </ClInclude>
    <ClInclude Include="iconvlite.h">
      <Filter>Header files</Filter>
    </ClInclude>
    <ClInclude Include="QuestItem.h">
      <Filter>Header files</Filter>
    </ClInclude>
    <ClInclude Include="QuestHandler.h">
      <Filter>Header files</Filter>
    </ClInclude>
    <ClInclude Include="EntityHandler.h">
      <Filter>Header files</Filter>
    </ClInclude>
    <ClInclude Include="CollisionEntity.h">
      <Filter>Header files</Filter>
    </ClInclude>
    <ClInclude Include="QuestDialog.h">
      <Filter>Header files</Filter>
    </ClInclude>
    <ClInclude Include="state.h">
      <Filter>Header files</Filter>
    </ClInclude>
    <ClInclude Include="QuestStatus.h">
      <Filter>Header files</Filter>
    </ClInclude>
  </ItemGroup>
  <ItemGroup>
    <Filter Include="Source files">
      <UniqueIdentifier>{c4331f9e-8d5e-4d1d-861a-b5f53894bc81}</UniqueIdentifier>
    </Filter>
    <Filter Include="Header files">
      <UniqueIdentifier>{a5beb166-9435-4b1b-8a82-24c620c3c4fb}</UniqueIdentifier>
    </Filter>
    <Filter Include="Resource files">
      <UniqueIdentifier>{d6a7fd0a-4777-4613-bedb-22077f49b1c5}</UniqueIdentifier>
    </Filter>
  </ItemGroup>
  <ItemGroup>
    <None Include="layouts\json\quest.json">
      <Filter>Resource files</Filter>
    </None>
  </ItemGroup>
</Project>